
Microsoft Visual Studio Solution File, Format Version 12.00
# Visual Studio Version 17
VisualStudioVersion = 17.5.33424.131
MinimumVisualStudioVersion = 10.0.40219.1
Project("{8BC9CEB8-8B4A-11D0-8D11-00A0C91BC942}") = "Proj_11_seojm", "Proj_11_seojm\Proj_11_seojm.vcxproj", "{DD07958C-432D-4003-9B97-7FC19A786CE4}"
EndProject
Global
	GlobalSection(SolutionConfigurationPlatforms) = preSolution
		Debug|x64 = Debug|x64
		Debug|x86 = Debug|x86
		Release|x64 = Release|x64
		Release|x86 = Release|x86
	EndGlobalSection
	GlobalSection(ProjectConfigurationPlatforms) = postSolution
		{DD07958C-432D-4003-9B97-7FC19A786CE4}.Debug|x64.ActiveCfg = Debug|x64
		{DD07958C-432D-4003-9B97-7FC19A786CE4}.Debug|x64.Build.0 = Debug|x64
		{DD07958C-432D-4003-9B97-7FC19A786CE4}.Debug|x86.ActiveCfg = Debug|Win32
		{DD07958C-432D-4003-9B97-7FC19A786CE4}.Debug|x86.Build.0 = Debug|Win32
		{DD07958C-432D-4003-9B97-7FC19A786CE4}.Release|x64.ActiveCfg = Release|x64
		{DD07958C-432D-4003-9B97-7FC19A786CE4}.Release|x64.Build.0 = Release|x64
		{DD07958C-432D-4003-9B97-7FC19A786CE4}.Release|x86.ActiveCfg = Release|Win32
		{DD07958C-432D-4003-9B97-7FC19A786CE4}.Release|x86.Build.0 = Release|Win32
	EndGlobalSection
	GlobalSection(SolutionProperties) = preSolution
		HideSolutionNode = FALSE
	EndGlobalSection
	GlobalSection(ExtensibilityGlobals) = postSolution
		SolutionGuid = {6003A673-A298-4C74-8436-0D30BE5768EA}
	EndGlobalSection
EndGlobal
